// !$*UTF8*$!
{
	archiveVersion = 1;
	classes = {
	};
	objectVersion = 55;
	objects = {

/* Begin PBXBuildFile section */
		BD0A784F28AEE0480040DFD7 /* ReminderViewController+Row.swift in Sources */ = {isa = PBXBuildFile; fileRef = BD0A784E28AEE0480040DFD7 /* ReminderViewController+Row.swift */; };
		BD38451D288F274B005FD8EB /* ReminderDoneButton.swift in Sources */ = {isa = PBXBuildFile; fileRef = BD38451C288F274B005FD8EB /* ReminderDoneButton.swift */; };
		BD38451F288F3EB6005FD8EB /* ReminderListViewController+Actions.swift in Sources */ = {isa = PBXBuildFile; fileRef = BD38451E288F3EB6005FD8EB /* ReminderListViewController+Actions.swift */; };
		BD56783E28B3ECD5002C1D55 /* ReminderViewController+Section.swift in Sources */ = {isa = PBXBuildFile; fileRef = BD56783D28B3ECD5002C1D55 /* ReminderViewController+Section.swift */; };
		BD856AB628C38C0400052BB2 /* ReminderViewController+CellConfiguration.swift in Sources */ = {isa = PBXBuildFile; fileRef = BD856AB528C38C0400052BB2 /* ReminderViewController+CellConfiguration.swift */; };
		BD856AB928C3928D00052BB2 /* UIView+PinnedSubview.swift in Sources */ = {isa = PBXBuildFile; fileRef = BD856AB828C3928D00052BB2 /* UIView+PinnedSubview.swift */; };
		BD856ABB28C3953B00052BB2 /* TextFieldContentView.swift in Sources */ = {isa = PBXBuildFile; fileRef = BD856ABA28C3953B00052BB2 /* TextFieldContentView.swift */; };
		BD86A9EC288C7EDA00E48F62 /* Date+Today.swift in Sources */ = {isa = PBXBuildFile; fileRef = BD86A9EB288C7EDA00E48F62 /* Date+Today.swift */; };
		BD86A9F0288DD5D200E48F62 /* ReminderListViewController+DataSource.swift in Sources */ = {isa = PBXBuildFile; fileRef = BD86A9EF288DD5D200E48F62 /* ReminderListViewController+DataSource.swift */; };
		BD86A9F2288DDBA500E48F62 /* UIColor+Today.swift in Sources */ = {isa = PBXBuildFile; fileRef = BD86A9F1288DDBA500E48F62 /* UIColor+Today.swift */; };
		BD8836AF28C807DD00228471 /* ReminderListStyle.swift in Sources */ = {isa = PBXBuildFile; fileRef = BD8836AE28C807DD00228471 /* ReminderListStyle.swift */; };
		BD8E908828C6842E000A4700 /* UIContentConfiguration+Stateless.swift in Sources */ = {isa = PBXBuildFile; fileRef = BD8E908728C6842E000A4700 /* UIContentConfiguration+Stateless.swift */; };
		BD8E908A28C693A4000A4700 /* TextViewContentView.swift in Sources */ = {isa = PBXBuildFile; fileRef = BD8E908928C693A4000A4700 /* TextViewContentView.swift */; };
		BD8E908C28C694C4000A4700 /* DatePickerContentView.swift in Sources */ = {isa = PBXBuildFile; fileRef = BD8E908B28C694C4000A4700 /* DatePickerContentView.swift */; };
		BD9EC92028DE06C500B803D7 /* WaveAnimationView.swift in Sources */ = {isa = PBXBuildFile; fileRef = BD9EC91F28DE06C500B803D7 /* WaveAnimationView.swift */; };
		BDE2B5CC288C35020023F5EB /* AppDelegate.swift in Sources */ = {isa = PBXBuildFile; fileRef = BDE2B5CB288C35020023F5EB /* AppDelegate.swift */; };
		BDE2B5CE288C35020023F5EB /* SceneDelegate.swift in Sources */ = {isa = PBXBuildFile; fileRef = BDE2B5CD288C35020023F5EB /* SceneDelegate.swift */; };
		BDE2B5D0288C35020023F5EB /* ReminderListViewController.swift in Sources */ = {isa = PBXBuildFile; fileRef = BDE2B5CF288C35020023F5EB /* ReminderListViewController.swift */; };
		BDE2B5D3288C35020023F5EB /* Main.storyboard in Resources */ = {isa = PBXBuildFile; fileRef = BDE2B5D1288C35020023F5EB /* Main.storyboard */; };
		BDE2B5D5288C35070023F5EB /* Assets.xcassets in Resources */ = {isa = PBXBuildFile; fileRef = BDE2B5D4288C35070023F5EB /* Assets.xcassets */; };
		BDE2B5D8288C35070023F5EB /* LaunchScreen.storyboard in Resources */ = {isa = PBXBuildFile; fileRef = BDE2B5D6288C35070023F5EB /* LaunchScreen.storyboard */; };
		BDE2B5E1288C386B0023F5EB /* Reminder.swift in Sources */ = {isa = PBXBuildFile; fileRef = BDE2B5E0288C386B0023F5EB /* Reminder.swift */; };
		BDF4120E28AAE9800030DB9E /* ReminderViewController.swift in Sources */ = {isa = PBXBuildFile; fileRef = BDF4120D28AAE9800030DB9E /* ReminderViewController.swift */; };
		BDF7936728CA1E5A0094B795 /* ProgressHeaderView.swift in Sources */ = {isa = PBXBuildFile; fileRef = BDF7936628CA1E5A0094B795 /* ProgressHeaderView.swift */; };
		BDF82EB528CA3DD100AE34A4 /* CAGradientLayer+ListStyle.swift in Sources */ = {isa = PBXBuildFile; fileRef = BDF82EB428CA3DD100AE34A4 /* CAGradientLayer+ListStyle.swift */; };
		BDF82EB728CA854000AE34A4 /* TodayError.swift in Sources */ = {isa = PBXBuildFile; fileRef = BDF82EB628CA854000AE34A4 /* TodayError.swift */; };
		BDF82EB928CA85F200AE34A4 /* EKEventStore+AsyncFetch.swift in Sources */ = {isa = PBXBuildFile; fileRef = BDF82EB828CA85F200AE34A4 /* EKEventStore+AsyncFetch.swift */; };
		BDF82EBB28CA8B3500AE34A4 /* Reminder+EKReminder.swift in Sources */ = {isa = PBXBuildFile; fileRef = BDF82EBA28CA8B3500AE34A4 /* Reminder+EKReminder.swift */; };
		BDF82EBD28CA8DF700AE34A4 /* ReminderStore.swift in Sources */ = {isa = PBXBuildFile; fileRef = BDF82EBC28CA8DF700AE34A4 /* ReminderStore.swift */; };
		BDF82EBF28CB750600AE34A4 /* EKReminder+Reminder.swift in Sources */ = {isa = PBXBuildFile; fileRef = BDF82EBE28CB750600AE34A4 /* EKReminder+Reminder.swift */; };
/* End PBXBuildFile section */

/* Begin PBXFileReference section */
		BD0A784E28AEE0480040DFD7 /* ReminderViewController+Row.swift */ = {isa = PBXFileReference; lastKnownFileType = sourcecode.swift; path = "ReminderViewController+Row.swift"; sourceTree = "<group>"; };
		BD38451C288F274B005FD8EB /* ReminderDoneButton.swift */ = {isa = PBXFileReference; lastKnownFileType = sourcecode.swift; path = ReminderDoneButton.swift; sourceTree = "<group>"; };
		BD38451E288F3EB6005FD8EB /* ReminderListViewController+Actions.swift */ = {isa = PBXFileReference; lastKnownFileType = sourcecode.swift; path = "ReminderListViewController+Actions.swift"; sourceTree = "<group>"; };
		BD5004D428CCBC0200D2B63D /* README.md */ = {isa = PBXFileReference; lastKnownFileType = net.daringfireball.markdown; path = README.md; sourceTree = "<group>"; };
		BD56783D28B3ECD5002C1D55 /* ReminderViewController+Section.swift */ = {isa = PBXFileReference; lastKnownFileType = sourcecode.swift; path = "ReminderViewController+Section.swift"; sourceTree = "<group>"; };
		BD856AB528C38C0400052BB2 /* ReminderViewController+CellConfiguration.swift */ = {isa = PBXFileReference; lastKnownFileType = sourcecode.swift; path = "ReminderViewController+CellConfiguration.swift"; sourceTree = "<group>"; };
		BD856AB828C3928D00052BB2 /* UIView+PinnedSubview.swift */ = {isa = PBXFileReference; lastKnownFileType = sourcecode.swift; path = "UIView+PinnedSubview.swift"; sourceTree = "<group>"; };
		BD856ABA28C3953B00052BB2 /* TextFieldContentView.swift */ = {isa = PBXFileReference; lastKnownFileType = sourcecode.swift; path = TextFieldContentView.swift; sourceTree = "<group>"; };
		BD86A9EB288C7EDA00E48F62 /* Date+Today.swift */ = {isa = PBXFileReference; lastKnownFileType = sourcecode.swift; path = "Date+Today.swift"; sourceTree = "<group>"; };
		BD86A9EF288DD5D200E48F62 /* ReminderListViewController+DataSource.swift */ = {isa = PBXFileReference; lastKnownFileType = sourcecode.swift; path = "ReminderListViewController+DataSource.swift"; sourceTree = "<group>"; };
		BD86A9F1288DDBA500E48F62 /* UIColor+Today.swift */ = {isa = PBXFileReference; lastKnownFileType = sourcecode.swift; path = "UIColor+Today.swift"; sourceTree = "<group>"; };
		BD8836AE28C807DD00228471 /* ReminderListStyle.swift */ = {isa = PBXFileReference; lastKnownFileType = sourcecode.swift; path = ReminderListStyle.swift; sourceTree = "<group>"; };
		BD8E908728C6842E000A4700 /* UIContentConfiguration+Stateless.swift */ = {isa = PBXFileReference; lastKnownFileType = sourcecode.swift; path = "UIContentConfiguration+Stateless.swift"; sourceTree = "<group>"; };
		BD8E908928C693A4000A4700 /* TextViewContentView.swift */ = {isa = PBXFileReference; lastKnownFileType = sourcecode.swift; path = TextViewContentView.swift; sourceTree = "<group>"; };
		BD8E908B28C694C4000A4700 /* DatePickerContentView.swift */ = {isa = PBXFileReference; lastKnownFileType = sourcecode.swift; path = DatePickerContentView.swift; sourceTree = "<group>"; };
		BD9EC91F28DE06C500B803D7 /* WaveAnimationView.swift */ = {isa = PBXFileReference; lastKnownFileType = sourcecode.swift; path = WaveAnimationView.swift; sourceTree = "<group>"; };
		BDE2B5C8288C35020023F5EB /* Today.app */ = {isa = PBXFileReference; explicitFileType = wrapper.application; includeInIndex = 0; path = Today.app; sourceTree = BUILT_PRODUCTS_DIR; };
		BDE2B5CB288C35020023F5EB /* AppDelegate.swift */ = {isa = PBXFileReference; lastKnownFileType = sourcecode.swift; path = AppDelegate.swift; sourceTree = "<group>"; };
		BDE2B5CD288C35020023F5EB /* SceneDelegate.swift */ = {isa = PBXFileReference; lastKnownFileType = sourcecode.swift; path = SceneDelegate.swift; sourceTree = "<group>"; };
		BDE2B5CF288C35020023F5EB /* ReminderListViewController.swift */ = {isa = PBXFileReference; lastKnownFileType = sourcecode.swift; path = ReminderListViewController.swift; sourceTree = "<group>"; };
		BDE2B5D2288C35020023F5EB /* Base */ = {isa = PBXFileReference; lastKnownFileType = file.storyboard; name = Base; path = Base.lproj/Main.storyboard; sourceTree = "<group>"; };
		BDE2B5D4288C35070023F5EB /* Assets.xcassets */ = {isa = PBXFileReference; lastKnownFileType = folder.assetcatalog; path = Assets.xcassets; sourceTree = "<group>"; };
		BDE2B5D7288C35070023F5EB /* Base */ = {isa = PBXFileReference; lastKnownFileType = file.storyboard; name = Base; path = Base.lproj/LaunchScreen.storyboard; sourceTree = "<group>"; };
		BDE2B5D9288C35070023F5EB /* Info.plist */ = {isa = PBXFileReference; lastKnownFileType = text.plist.xml; path = Info.plist; sourceTree = "<group>"; };
		BDE2B5E0288C386B0023F5EB /* Reminder.swift */ = {isa = PBXFileReference; lastKnownFileType = sourcecode.swift; path = Reminder.swift; sourceTree = "<group>"; };
		BDF4120D28AAE9800030DB9E /* ReminderViewController.swift */ = {isa = PBXFileReference; lastKnownFileType = sourcecode.swift; path = ReminderViewController.swift; sourceTree = "<group>"; };
		BDF7936628CA1E5A0094B795 /* ProgressHeaderView.swift */ = {isa = PBXFileReference; lastKnownFileType = sourcecode.swift; path = ProgressHeaderView.swift; sourceTree = "<group>"; };
		BDF82EB428CA3DD100AE34A4 /* CAGradientLayer+ListStyle.swift */ = {isa = PBXFileReference; lastKnownFileType = sourcecode.swift; path = "CAGradientLayer+ListStyle.swift"; sourceTree = "<group>"; };
		BDF82EB628CA854000AE34A4 /* TodayError.swift */ = {isa = PBXFileReference; lastKnownFileType = sourcecode.swift; path = TodayError.swift; sourceTree = "<group>"; };
		BDF82EB828CA85F200AE34A4 /* EKEventStore+AsyncFetch.swift */ = {isa = PBXFileReference; lastKnownFileType = sourcecode.swift; path = "EKEventStore+AsyncFetch.swift"; sourceTree = "<group>"; };
		BDF82EBA28CA8B3500AE34A4 /* Reminder+EKReminder.swift */ = {isa = PBXFileReference; lastKnownFileType = sourcecode.swift; path = "Reminder+EKReminder.swift"; sourceTree = "<group>"; };
		BDF82EBC28CA8DF700AE34A4 /* ReminderStore.swift */ = {isa = PBXFileReference; lastKnownFileType = sourcecode.swift; path = ReminderStore.swift; sourceTree = "<group>"; };
		BDF82EBE28CB750600AE34A4 /* EKReminder+Reminder.swift */ = {isa = PBXFileReference; lastKnownFileType = sourcecode.swift; path = "EKReminder+Reminder.swift"; sourceTree = "<group>"; };
/* End PBXFileReference section */

/* Begin PBXFrameworksBuildPhase section */
		BDE2B5C5288C35020023F5EB /* Frameworks */ = {
			isa = PBXFrameworksBuildPhase;
			buildActionMask = 2147483647;
			files = (
			);
			runOnlyForDeploymentPostprocessing = 0;
		};
/* End PBXFrameworksBuildPhase section */

/* Begin PBXGroup section */
		BD856AB728C391E300052BB2 /* ContentViews */ = {
			isa = PBXGroup;
			children = (
				BD856AB828C3928D00052BB2 /* UIView+PinnedSubview.swift */,
				BD856ABA28C3953B00052BB2 /* TextFieldContentView.swift */,
				BD8E908728C6842E000A4700 /* UIContentConfiguration+Stateless.swift */,
				BD8E908928C693A4000A4700 /* TextViewContentView.swift */,
				BD8E908B28C694C4000A4700 /* DatePickerContentView.swift */,
			);
			path = ContentViews;
			sourceTree = "<group>";
		};
		BD86A9EE288DD56B00E48F62 /* ListViewController */ = {
			isa = PBXGroup;
			children = (
				BDE2B5CF288C35020023F5EB /* ReminderListViewController.swift */,
				BD86A9EF288DD5D200E48F62 /* ReminderListViewController+DataSource.swift */,
				BD38451E288F3EB6005FD8EB /* ReminderListViewController+Actions.swift */,
				BD38451C288F274B005FD8EB /* ReminderDoneButton.swift */,
				BDF7936628CA1E5A0094B795 /* ProgressHeaderView.swift */,
				BD9EC91F28DE06C500B803D7 /* WaveAnimationView.swift */,
			);
			path = ListViewController;
			sourceTree = "<group>";
		};
		BDE2B5BF288C35020023F5EB = {
			isa = PBXGroup;
			children = (
				BD5004D428CCBC0200D2B63D /* README.md */,
				BDE2B5CA288C35020023F5EB /* Today */,
				BDE2B5C9288C35020023F5EB /* Products */,
			);
			sourceTree = "<group>";
		};
		BDE2B5C9288C35020023F5EB /* Products */ = {
			isa = PBXGroup;
			children = (
				BDE2B5C8288C35020023F5EB /* Today.app */,
			);
			name = Products;
			sourceTree = "<group>";
		};
		BDE2B5CA288C35020023F5EB /* Today */ = {
			isa = PBXGroup;
			children = (
				BDE2B5DF288C384D0023F5EB /* Models */,
				BD856AB728C391E300052BB2 /* ContentViews */,
				BDF4120F28AAEB850030DB9E /* DetailViewController */,
				BD86A9EE288DD56B00E48F62 /* ListViewController */,
				BDE2B5D1288C35020023F5EB /* Main.storyboard */,
				BDE2B5CB288C35020023F5EB /* AppDelegate.swift */,
				BDE2B5CD288C35020023F5EB /* SceneDelegate.swift */,
				BDE2B5D4288C35070023F5EB /* Assets.xcassets */,
				BDE2B5D6288C35070023F5EB /* LaunchScreen.storyboard */,
				BDE2B5D9288C35070023F5EB /* Info.plist */,
			);
			path = Today;
			sourceTree = "<group>";
		};
		BDE2B5DF288C384D0023F5EB /* Models */ = {
			isa = PBXGroup;
			children = (
				BDE2B5E0288C386B0023F5EB /* Reminder.swift */,
				BD86A9EB288C7EDA00E48F62 /* Date+Today.swift */,
				BD86A9F1288DDBA500E48F62 /* UIColor+Today.swift */,
				BD8836AE28C807DD00228471 /* ReminderListStyle.swift */,
				BDF82EB428CA3DD100AE34A4 /* CAGradientLayer+ListStyle.swift */,
				BDF82EB628CA854000AE34A4 /* TodayError.swift */,
				BDF82EB828CA85F200AE34A4 /* EKEventStore+AsyncFetch.swift */,
				BDF82EBA28CA8B3500AE34A4 /* Reminder+EKReminder.swift */,
				BDF82EBC28CA8DF700AE34A4 /* ReminderStore.swift */,
				BDF82EBE28CB750600AE34A4 /* EKReminder+Reminder.swift */,
			);
			path = Models;
			sourceTree = "<group>";
		};
		BDF4120F28AAEB850030DB9E /* DetailViewController */ = {
			isa = PBXGroup;
			children = (
				BDF4120D28AAE9800030DB9E /* ReminderViewController.swift */,
				BD0A784E28AEE0480040DFD7 /* ReminderViewController+Row.swift */,
				BD56783D28B3ECD5002C1D55 /* ReminderViewController+Section.swift */,
				BD856AB528C38C0400052BB2 /* ReminderViewController+CellConfiguration.swift */,
			);
			path = DetailViewController;
			sourceTree = "<group>";
		};
/* End PBXGroup section */

/* Begin PBXNativeTarget section */
		BDE2B5C7288C35020023F5EB /* Today */ = {
			isa = PBXNativeTarget;
			buildConfigurationList = BDE2B5DC288C35070023F5EB /* Build configuration list for PBXNativeTarget "Today" */;
			buildPhases = (
				BDE2B5C4288C35020023F5EB /* Sources */,
				BDE2B5C5288C35020023F5EB /* Frameworks */,
				BDE2B5C6288C35020023F5EB /* Resources */,
			);
			buildRules = (
			);
			dependencies = (
			);
			name = Today;
			productName = Today;
			productReference = BDE2B5C8288C35020023F5EB /* Today.app */;
			productType = "com.apple.product-type.application";
		};
/* End PBXNativeTarget section */

/* Begin PBXProject section */
		BDE2B5C0288C35020023F5EB /* Project object */ = {
			isa = PBXProject;
			attributes = {
				BuildIndependentTargetsInParallel = 1;
				LastSwiftUpdateCheck = 1340;
				LastUpgradeCheck = 1340;
				TargetAttributes = {
					BDE2B5C7288C35020023F5EB = {
						CreatedOnToolsVersion = 13.4.1;
					};
				};
			};
			buildConfigurationList = BDE2B5C3288C35020023F5EB /* Build configuration list for PBXProject "Today" */;
			compatibilityVersion = "Xcode 13.0";
			developmentRegion = en;
			hasScannedForEncodings = 0;
			knownRegions = (
				en,
				Base,
			);
			mainGroup = BDE2B5BF288C35020023F5EB;
			productRefGroup = BDE2B5C9288C35020023F5EB /* Products */;
			projectDirPath = "";
			projectRoot = "";
			targets = (
				BDE2B5C7288C35020023F5EB /* Today */,
			);
		};
/* End PBXProject section */

/* Begin PBXResourcesBuildPhase section */
		BDE2B5C6288C35020023F5EB /* Resources */ = {
			isa = PBXResourcesBuildPhase;
			buildActionMask = 2147483647;
			files = (
				BDE2B5D8288C35070023F5EB /* LaunchScreen.storyboard in Resources */,
				BDE2B5D5288C35070023F5EB /* Assets.xcassets in Resources */,
				BDE2B5D3288C35020023F5EB /* Main.storyboard in Resources */,
			);
			runOnlyForDeploymentPostprocessing = 0;
		};
/* End PBXResourcesBuildPhase section */

/* Begin PBXSourcesBuildPhase section */
		BDE2B5C4288C35020023F5EB /* Sources */ = {
			isa = PBXSourcesBuildPhase;
			buildActionMask = 2147483647;
			files = (
				BDF7936728CA1E5A0094B795 /* ProgressHeaderView.swift in Sources */,
				BD856AB928C3928D00052BB2 /* UIView+PinnedSubview.swift in Sources */,
				BD56783E28B3ECD5002C1D55 /* ReminderViewController+Section.swift in Sources */,
				BD8E908C28C694C4000A4700 /* DatePickerContentView.swift in Sources */,
				BD86A9F2288DDBA500E48F62 /* UIColor+Today.swift in Sources */,
				BD38451F288F3EB6005FD8EB /* ReminderListViewController+Actions.swift in Sources */,
				BDF82EB728CA854000AE34A4 /* TodayError.swift in Sources */,
				BDF4120E28AAE9800030DB9E /* ReminderViewController.swift in Sources */,
				BD8836AF28C807DD00228471 /* ReminderListStyle.swift in Sources */,
				BD9EC92028DE06C500B803D7 /* WaveAnimationView.swift in Sources */,
				BD8E908828C6842E000A4700 /* UIContentConfiguration+Stateless.swift in Sources */,
				BDE2B5D0288C35020023F5EB /* ReminderListViewController.swift in Sources */,
				BD86A9EC288C7EDA00E48F62 /* Date+Today.swift in Sources */,
				BD856ABB28C3953B00052BB2 /* TextFieldContentView.swift in Sources */,
				BD8E908A28C693A4000A4700 /* TextViewContentView.swift in Sources */,
				BD0A784F28AEE0480040DFD7 /* ReminderViewController+Row.swift in Sources */,
				BD38451D288F274B005FD8EB /* ReminderDoneButton.swift in Sources */,
				BDE2B5CC288C35020023F5EB /* AppDelegate.swift in Sources */,
				BD856AB628C38C0400052BB2 /* ReminderViewController+CellConfiguration.swift in Sources */,
				BDE2B5CE288C35020023F5EB /* SceneDelegate.swift in Sources */,
				BDF82EBB28CA8B3500AE34A4 /* Reminder+EKReminder.swift in Sources */,
				BDF82EB928CA85F200AE34A4 /* EKEventStore+AsyncFetch.swift in Sources */,
				BDE2B5E1288C386B0023F5EB /* Reminder.swift in Sources */,
				BDF82EB528CA3DD100AE34A4 /* CAGradientLayer+ListStyle.swift in Sources */,
				BD86A9F0288DD5D200E48F62 /* ReminderListViewController+DataSource.swift in Sources */,
				BDF82EBD28CA8DF700AE34A4 /* ReminderStore.swift in Sources */,
				BDF82EBF28CB750600AE34A4 /* EKReminder+Reminder.swift in Sources */,
			);
			runOnlyForDeploymentPostprocessing = 0;
		};
/* End PBXSourcesBuildPhase section */

/* Begin PBXVariantGroup section */
		BDE2B5D1288C35020023F5EB /* Main.storyboard */ = {
			isa = PBXVariantGroup;
			children = (
				BDE2B5D2288C35020023F5EB /* Base */,
			);
			name = Main.storyboard;
			sourceTree = "<group>";
		};
		BDE2B5D6288C35070023F5EB /* LaunchScreen.storyboard */ = {
			isa = PBXVariantGroup;
			children = (
				BDE2B5D7288C35070023F5EB /* Base */,
			);
			name = LaunchScreen.storyboard;
			sourceTree = "<group>";
		};
/* End PBXVariantGroup section */

/* Begin XCBuildConfiguration section */
		BDE2B5DA288C35070023F5EB /* Debug */ = {
			isa = XCBuildConfiguration;
			buildSettings = {
				ALWAYS_SEARCH_USER_PATHS = NO;
				CLANG_ANALYZER_NONNULL = YES;
				CLANG_ANALYZER_NUMBER_OBJECT_CONVERSION = YES_AGGRESSIVE;
				CLANG_CXX_LANGUAGE_STANDARD = "gnu++17";
				CLANG_ENABLE_MODULES = YES;
				CLANG_ENABLE_OBJC_ARC = YES;
				CLANG_ENABLE_OBJC_WEAK = YES;
				CLANG_WARN_BLOCK_CAPTURE_AUTORELEASING = YES;
				CLANG_WARN_BOOL_CONVERSION = YES;
				CLANG_WARN_COMMA = YES;
				CLANG_WARN_CONSTANT_CONVERSION = YES;
				CLANG_WARN_DEPRECATED_OBJC_IMPLEMENTATIONS = YES;
				CLANG_WARN_DIRECT_OBJC_ISA_USAGE = YES_ERROR;
				CLANG_WARN_DOCUMENTATION_COMMENTS = YES;
				CLANG_WARN_EMPTY_BODY = YES;
				CLANG_WARN_ENUM_CONVERSION = YES;
				CLANG_WARN_INFINITE_RECURSION = YES;
				CLANG_WARN_INT_CONVERSION = YES;
				CLANG_WARN_NON_LITERAL_NULL_CONVERSION = YES;
				CLANG_WARN_OBJC_IMPLICIT_RETAIN_SELF = YES;
				CLANG_WARN_OBJC_LITERAL_CONVERSION = YES;
				CLANG_WARN_OBJC_ROOT_CLASS = YES_ERROR;
				CLANG_WARN_QUOTED_INCLUDE_IN_FRAMEWORK_HEADER = YES;
				CLANG_WARN_RANGE_LOOP_ANALYSIS = YES;
				CLANG_WARN_STRICT_PROTOTYPES = YES;
				CLANG_WARN_SUSPICIOUS_MOVE = YES;
				CLANG_WARN_UNGUARDED_AVAILABILITY = YES_AGGRESSIVE;
				CLANG_WARN_UNREACHABLE_CODE = YES;
				CLANG_WARN__DUPLICATE_METHOD_MATCH = YES;
				COPY_PHASE_STRIP = NO;
				DEBUG_INFORMATION_FORMAT = dwarf;
				ENABLE_STRICT_OBJC_MSGSEND = YES;
				ENABLE_TESTABILITY = YES;
				GCC_C_LANGUAGE_STANDARD = gnu11;
				GCC_DYNAMIC_NO_PIC = NO;
				GCC_NO_COMMON_BLOCKS = YES;
				GCC_OPTIMIZATION_LEVEL = 0;
				GCC_PREPROCESSOR_DEFINITIONS = (
					"DEBUG=1",
					"$(inherited)",
				);
				GCC_WARN_64_TO_32_BIT_CONVERSION = YES;
				GCC_WARN_ABOUT_RETURN_TYPE = YES_ERROR;
				GCC_WARN_UNDECLARED_SELECTOR = YES;
				GCC_WARN_UNINITIALIZED_AUTOS = YES_AGGRESSIVE;
				GCC_WARN_UNUSED_FUNCTION = YES;
				GCC_WARN_UNUSED_VARIABLE = YES;
				IPHONEOS_DEPLOYMENT_TARGET = 15.5;
				MTL_ENABLE_DEBUG_INFO = INCLUDE_SOURCE;
				MTL_FAST_MATH = YES;
				ONLY_ACTIVE_ARCH = YES;
				SDKROOT = iphoneos;
				SWIFT_ACTIVE_COMPILATION_CONDITIONS = DEBUG;
				SWIFT_OPTIMIZATION_LEVEL = "-Onone";
			};
			name = Debug;
		};
		BDE2B5DB288C35070023F5EB /* Release */ = {
			isa = XCBuildConfiguration;
			buildSettings = {
				ALWAYS_SEARCH_USER_PATHS = NO;
				CLANG_ANALYZER_NONNULL = YES;
				CLANG_ANALYZER_NUMBER_OBJECT_CONVERSION = YES_AGGRESSIVE;
				CLANG_CXX_LANGUAGE_STANDARD = "gnu++17";
				CLANG_ENABLE_MODULES = YES;
				CLANG_ENABLE_OBJC_ARC = YES;
				CLANG_ENABLE_OBJC_WEAK = YES;
				CLANG_WARN_BLOCK_CAPTURE_AUTORELEASING = YES;
				CLANG_WARN_BOOL_CONVERSION = YES;
				CLANG_WARN_COMMA = YES;
				CLANG_WARN_CONSTANT_CONVERSION = YES;
				CLANG_WARN_DEPRECATED_OBJC_IMPLEMENTATIONS = YES;
				CLANG_WARN_DIRECT_OBJC_ISA_USAGE = YES_ERROR;
				CLANG_WARN_DOCUMENTATION_COMMENTS = YES;
				CLANG_WARN_EMPTY_BODY = YES;
				CLANG_WARN_ENUM_CONVERSION = YES;
				CLANG_WARN_INFINITE_RECURSION = YES;
				CLANG_WARN_INT_CONVERSION = YES;
				CLANG_WARN_NON_LITERAL_NULL_CONVERSION = YES;
				CLANG_WARN_OBJC_IMPLICIT_RETAIN_SELF = YES;
				CLANG_WARN_OBJC_LITERAL_CONVERSION = YES;
				CLANG_WARN_OBJC_ROOT_CLASS = YES_ERROR;
				CLANG_WARN_QUOTED_INCLUDE_IN_FRAMEWORK_HEADER = YES;
				CLANG_WARN_RANGE_LOOP_ANALYSIS = YES;
				CLANG_WARN_STRICT_PROTOTYPES = YES;
				CLANG_WARN_SUSPICIOUS_MOVE = YES;
				CLANG_WARN_UNGUARDED_AVAILABILITY = YES_AGGRESSIVE;
				CLANG_WARN_UNREACHABLE_CODE = YES;
				CLANG_WARN__DUPLICATE_METHOD_MATCH = YES;
				COPY_PHASE_STRIP = NO;
				DEBUG_INFORMATION_FORMAT = "dwarf-with-dsym";
				ENABLE_NS_ASSERTIONS = NO;
				ENABLE_STRICT_OBJC_MSGSEND = YES;
				GCC_C_LANGUAGE_STANDARD = gnu11;
				GCC_NO_COMMON_BLOCKS = YES;
				GCC_WARN_64_TO_32_BIT_CONVERSION = YES;
				GCC_WARN_ABOUT_RETURN_TYPE = YES_ERROR;
				GCC_WARN_UNDECLARED_SELECTOR = YES;
				GCC_WARN_UNINITIALIZED_AUTOS = YES_AGGRESSIVE;
				GCC_WARN_UNUSED_FUNCTION = YES;
				GCC_WARN_UNUSED_VARIABLE = YES;
				IPHONEOS_DEPLOYMENT_TARGET = 15.5;
				MTL_ENABLE_DEBUG_INFO = NO;
				MTL_FAST_MATH = YES;
				SDKROOT = iphoneos;
				SWIFT_COMPILATION_MODE = wholemodule;
				SWIFT_OPTIMIZATION_LEVEL = "-O";
				VALIDATE_PRODUCT = YES;
			};
			name = Release;
		};
		BDE2B5DD288C35070023F5EB /* Debug */ = {
			isa = XCBuildConfiguration;
			buildSettings = {
				ASSETCATALOG_COMPILER_APPICON_NAME = AppIcon;
				ASSETCATALOG_COMPILER_GLOBAL_ACCENT_COLOR_NAME = AccentColor;
				CODE_SIGN_STYLE = Automatic;
				CURRENT_PROJECT_VERSION = 1;
				DEVELOPMENT_TEAM = LL863NAQHT;
				GENERATE_INFOPLIST_FILE = YES;
				INFOPLIST_FILE = Today/Info.plist;
				INFOPLIST_KEY_NSRemindersUsageDescription = "Your reminders can help you stay on track.";
				INFOPLIST_KEY_UIApplicationSupportsIndirectInputEvents = YES;
				INFOPLIST_KEY_UILaunchStoryboardName = LaunchScreen;
				INFOPLIST_KEY_UIMainStoryboardFile = Main;
				INFOPLIST_KEY_UISupportedInterfaceOrientations_iPad = "UIInterfaceOrientationPortrait UIInterfaceOrientationPortraitUpsideDown UIInterfaceOrientationLandscapeLeft UIInterfaceOrientationLandscapeRight";
				INFOPLIST_KEY_UISupportedInterfaceOrientations_iPhone = "UIInterfaceOrientationPortrait UIInterfaceOrientationLandscapeLeft UIInterfaceOrientationLandscapeRight";
				LD_RUNPATH_SEARCH_PATHS = (
					"$(inherited)",
					"@executable_path/Frameworks",
				);
				MARKETING_VERSION = 1.0;
				PRODUCT_BUNDLE_IDENTIFIER = com.sanghun.Today;
				PRODUCT_NAME = "$(TARGET_NAME)";
				SWIFT_EMIT_LOC_STRINGS = YES;
				SWIFT_VERSION = 5.0;
				TARGETED_DEVICE_FAMILY = "1,2";
			};
			name = Debug;
		};
		BDE2B5DE288C35070023F5EB /* Release */ = {
			isa = XCBuildConfiguration;
			buildSettings = {
				ASSETCATALOG_COMPILER_APPICON_NAME = AppIcon;
				ASSETCATALOG_COMPILER_GLOBAL_ACCENT_COLOR_NAME = AccentColor;
				CODE_SIGN_STYLE = Automatic;
				CURRENT_PROJECT_VERSION = 1;
				DEVELOPMENT_TEAM = LL863NAQHT;
				GENERATE_INFOPLIST_FILE = YES;
				INFOPLIST_FILE = Today/Info.plist;
				INFOPLIST_KEY_NSRemindersUsageDescription = "Your reminders can help you stay on track.";
				INFOPLIST_KEY_UIApplicationSupportsIndirectInputEvents = YES;
				INFOPLIST_KEY_UILaunchStoryboardName = LaunchScreen;
				INFOPLIST_KEY_UIMainStoryboardFile = Main;
				INFOPLIST_KEY_UISupportedInterfaceOrientations_iPad = "UIInterfaceOrientationPortrait UIInterfaceOrientationPortraitUpsideDown UIInterfaceOrientationLandscapeLeft UIInterfaceOrientationLandscapeRight";
				INFOPLIST_KEY_UISupportedInterfaceOrientations_iPhone = "UIInterfaceOrientationPortrait UIInterfaceOrientationLandscapeLeft UIInterfaceOrientationLandscapeRight";
				LD_RUNPATH_SEARCH_PATHS = (
					"$(inherited)",
					"@executable_path/Frameworks",
				);
				MARKETING_VERSION = 1.0;
				PRODUCT_BUNDLE_IDENTIFIER = com.sanghun.Today;
				PRODUCT_NAME = "$(TARGET_NAME)";
				SWIFT_EMIT_LOC_STRINGS = YES;
				SWIFT_VERSION = 5.0;
				TARGETED_DEVICE_FAMILY = "1,2";
			};
			name = Release;
		};
/* End XCBuildConfiguration section */

/* Begin XCConfigurationList section */
		BDE2B5C3288C35020023F5EB /* Build configuration list for PBXProject "Today" */ = {
			isa = XCConfigurationList;
			buildConfigurations = (
				BDE2B5DA288C35070023F5EB /* Debug */,
				BDE2B5DB288C35070023F5EB /* Release */,
			);
			defaultConfigurationIsVisible = 0;
			defaultConfigurationName = Release;
		};
		BDE2B5DC288C35070023F5EB /* Build configuration list for PBXNativeTarget "Today" */ = {
			isa = XCConfigurationList;
			buildConfigurations = (
				BDE2B5DD288C35070023F5EB /* Debug */,
				BDE2B5DE288C35070023F5EB /* Release */,
			);
			defaultConfigurationIsVisible = 0;
			defaultConfigurationName = Release;
		};
/* End XCConfigurationList section */
	};
	rootObject = BDE2B5C0288C35020023F5EB /* Project object */;
}
